
Microsoft Visual Studio Solution File, Format Version 12.00
# Visual Studio Version 16
VisualStudioVersion = 16.0.31613.86
MinimumVisualStudioVersion = 10.0.40219.1
Project("{8BC9CEB8-8B4A-11D0-8D11-00A0C91BC942}") = "ParticleSwarmOptimization", "ParticleSwarmOptimization\ParticleSwarmOptimization.vcxproj", "{2F09863A-1B98-4B6C-BF08-1453087C2812}"
EndProject
Global
	GlobalSection(SolutionConfigurationPlatforms) = preSolution
		Debug|x64 = Debug|x64
		Release|x64 = Release|x64
	EndGlobalSection
	GlobalSection(ProjectConfigurationPlatforms) = postSolution
		{2F09863A-1B98-4B6C-BF08-1453087C2812}.Debug|x64.ActiveCfg = Debug|x64
		{2F09863A-1B98-4B6C-BF08-1453087C2812}.Debug|x64.Build.0 = Debug|x64
		{2F09863A-1B98-4B6C-BF08-1453087C2812}.Release|x64.ActiveCfg = Release|x64
		{2F09863A-1B98-4B6C-BF08-1453087C2812}.Release|x64.Build.0 = Release|x64
	EndGlobalSection
	GlobalSection(SolutionProperties) = preSolution
		HideSolutionNode = FALSE
	EndGlobalSection
	GlobalSection(ExtensibilityGlobals) = postSolution
		SolutionGuid = {E4F2BF1D-7C40-4202-BB9F-97108A88D5E1}
	EndGlobalSection
EndGlobal
